# This file is automatically @generated by Cargo.
# It is not intended for manual editing.
version = 4

[[package]]
name = "modifications_queue"
version = "0.1.1"
source = "git+https://github.com/SuccessfullyFailed/modifications_queue#63cd6338e049b869e153cb1c2350e13cbaca0f10"

[[package]]
name = "task_syncer"
version = "0.1.8"
dependencies = [
 "modifications_queue",
]
