# This file is automatically @generated by Cargo.
# It is not intended for manual editing.
version = 4

[[package]]
name = "file_ref"
version = "0.1.2"
source = "git+https://github.com/SuccessfullyFailed/file_ref#f878a277e98390e0e078c484d70a74b4563178e3"

[[package]]
name = "task_syncer"
version = "0.1.5"
dependencies = [
 "file_ref",
]
