# This file is automatically @generated by Cargo.
# It is not intended for manual editing.
version = 4

[[package]]
name = "modifications_queue"
version = "0.1.1"
source = "git+https://github.com/SuccessfullyFailed/modifications_queue#1c64b67d7e1e7cf0a495cb752eb5006c969724ca"

[[package]]
name = "task_syncer"
version = "0.1.6"
dependencies = [
 "modifications_queue",
]
